
Microsoft Visual Studio Solution File, Format Version 12.00
# Visual Studio 15
VisualStudioVersion = 15.0.28307.168
MinimumVisualStudioVersion = 10.0.40219.1
Project("{FAE04EC0-301F-11D3-BF4B-00C04F79EFBC}") = "Day0_Hello_World", "Hackerrank_30_Days_of_Code\Day0_Hello_World.csproj", "{B2077F13-3315-48CD-A211-B47586C9FA61}"
EndProject
Project("{FAE04EC0-301F-11D3-BF4B-00C04F79EFBC}") = "Day1_Data_Types", "Day1_Data_Types\Day1_Data_Types.csproj", "{BD42A692-7983-4885-920B-EE94BBA316AD}"
EndProject
Project("{FAE04EC0-301F-11D3-BF4B-00C04F79EFBC}") = "Day2_Operators", "Day2_Operator\Day2_Operators.csproj", "{A224895C-D362-440F-AC0F-31F404BB3CF2}"
EndProject
Project("{FAE04EC0-301F-11D3-BF4B-00C04F79EFBC}") = "Day3_Conditional_Statements", "Day3_Conditional_Statements\Day3_Conditional_Statements.csproj", "{55B07F75-76F8-4C5C-9AB9-EF7DD13FC76C}"
EndProject
Global
	GlobalSection(SolutionConfigurationPlatforms) = preSolution
		Debug|Any CPU = Debug|Any CPU
		Release|Any CPU = Release|Any CPU
	EndGlobalSection
	GlobalSection(ProjectConfigurationPlatforms) = postSolution
		{B2077F13-3315-48CD-A211-B47586C9FA61}.Debug|Any CPU.ActiveCfg = Debug|Any CPU
		{B2077F13-3315-48CD-A211-B47586C9FA61}.Debug|Any CPU.Build.0 = Debug|Any CPU
		{B2077F13-3315-48CD-A211-B47586C9FA61}.Release|Any CPU.ActiveCfg = Release|Any CPU
		{B2077F13-3315-48CD-A211-B47586C9FA61}.Release|Any CPU.Build.0 = Release|Any CPU
		{BD42A692-7983-4885-920B-EE94BBA316AD}.Debug|Any CPU.ActiveCfg = Debug|Any CPU
		{BD42A692-7983-4885-920B-EE94BBA316AD}.Debug|Any CPU.Build.0 = Debug|Any CPU
		{BD42A692-7983-4885-920B-EE94BBA316AD}.Release|Any CPU.ActiveCfg = Release|Any CPU
		{BD42A692-7983-4885-920B-EE94BBA316AD}.Release|Any CPU.Build.0 = Release|Any CPU
		{A224895C-D362-440F-AC0F-31F404BB3CF2}.Debug|Any CPU.ActiveCfg = Debug|Any CPU
		{A224895C-D362-440F-AC0F-31F404BB3CF2}.Debug|Any CPU.Build.0 = Debug|Any CPU
		{A224895C-D362-440F-AC0F-31F404BB3CF2}.Release|Any CPU.ActiveCfg = Release|Any CPU
		{A224895C-D362-440F-AC0F-31F404BB3CF2}.Release|Any CPU.Build.0 = Release|Any CPU
		{55B07F75-76F8-4C5C-9AB9-EF7DD13FC76C}.Debug|Any CPU.ActiveCfg = Debug|Any CPU
		{55B07F75-76F8-4C5C-9AB9-EF7DD13FC76C}.Debug|Any CPU.Build.0 = Debug|Any CPU
		{55B07F75-76F8-4C5C-9AB9-EF7DD13FC76C}.Release|Any CPU.ActiveCfg = Release|Any CPU
		{55B07F75-76F8-4C5C-9AB9-EF7DD13FC76C}.Release|Any CPU.Build.0 = Release|Any CPU
	EndGlobalSection
	GlobalSection(SolutionProperties) = preSolution
		HideSolutionNode = FALSE
	EndGlobalSection
	GlobalSection(ExtensibilityGlobals) = postSolution
		SolutionGuid = {E6723DA6-5157-4151-BEA4-8240AB9ACCD8}
	EndGlobalSection
EndGlobal
